
Microsoft Visual Studio Solution File, Format Version 12.00
Project("{2150E333-8FDC-42A3-9474-1A3956D46DE8}") = "API", "API", "{6DB2D4E3-E719-4726-AA8F-005E3816E0E9}"
EndProject
Project("{FAE04EC0-301F-11D3-BF4B-00C04F79EFBC}") = "BragaPets.API", "BragaPets.API\BragaPets.API.csproj", "{EDBA33AA-F411-466B-AFA9-CA88CE431893}"
EndProject
Project("{2150E333-8FDC-42A3-9474-1A3956D46DE8}") = "Domain", "Domain", "{BCECD241-7FCD-486E-87C7-56F672EEA020}"
EndProject
Project("{2150E333-8FDC-42A3-9474-1A3956D46DE8}") = "Infra", "Infra", "{E1DD9936-508B-418F-A452-86191B9D3D4D}"
EndProject
Project("{2150E333-8FDC-42A3-9474-1A3956D46DE8}") = "Data", "Data", "{BDDEE268-108A-407A-AA98-66632A66784D}"
EndProject
Project("{2150E333-8FDC-42A3-9474-1A3956D46DE8}") = "CrossCutting", "CrossCutting", "{A0880E39-6703-4BD7-9FD0-CEE07BBF48C9}"
EndProject
Project("{2150E333-8FDC-42A3-9474-1A3956D46DE8}") = "Test", "Test", "{25D90E4A-59A2-40F9-91D2-BF5ADD058C0F}"
EndProject
Project("{FAE04EC0-301F-11D3-BF4B-00C04F79EFBC}") = "BragaPets.Domain", "BragaPets.Domain\BragaPets.Domain.csproj", "{30E13290-73BA-4E63-9750-3C2A4AA1BED6}"
EndProject
Project("{FAE04EC0-301F-11D3-BF4B-00C04F79EFBC}") = "BragaPets.Infra.Data", "BragaPets.Infra.Data\BragaPets.Infra.Data.csproj", "{D7B06D89-7871-4FB3-9387-9225B2800271}"
EndProject
Project("{FAE04EC0-301F-11D3-BF4B-00C04F79EFBC}") = "BragaPets.Infra.CrossCutting", "BragaPets.Infra.CrossCutting\BragaPets.Infra.CrossCutting.csproj", "{896AD5D7-0012-4D81-BAA1-A9BD442B6CAE}"
EndProject
Global
	GlobalSection(SolutionConfigurationPlatforms) = preSolution
		Debug|Any CPU = Debug|Any CPU
		Release|Any CPU = Release|Any CPU
	EndGlobalSection
	GlobalSection(NestedProjects) = preSolution
		{EDBA33AA-F411-466B-AFA9-CA88CE431893} = {6DB2D4E3-E719-4726-AA8F-005E3816E0E9}
		{BDDEE268-108A-407A-AA98-66632A66784D} = {E1DD9936-508B-418F-A452-86191B9D3D4D}
		{A0880E39-6703-4BD7-9FD0-CEE07BBF48C9} = {E1DD9936-508B-418F-A452-86191B9D3D4D}
		{30E13290-73BA-4E63-9750-3C2A4AA1BED6} = {BCECD241-7FCD-486E-87C7-56F672EEA020}
		{D7B06D89-7871-4FB3-9387-9225B2800271} = {BDDEE268-108A-407A-AA98-66632A66784D}
		{896AD5D7-0012-4D81-BAA1-A9BD442B6CAE} = {A0880E39-6703-4BD7-9FD0-CEE07BBF48C9}
	EndGlobalSection
	GlobalSection(ProjectConfigurationPlatforms) = postSolution
		{EDBA33AA-F411-466B-AFA9-CA88CE431893}.Debug|Any CPU.ActiveCfg = Debug|Any CPU
		{EDBA33AA-F411-466B-AFA9-CA88CE431893}.Debug|Any CPU.Build.0 = Debug|Any CPU
		{EDBA33AA-F411-466B-AFA9-CA88CE431893}.Release|Any CPU.ActiveCfg = Release|Any CPU
		{EDBA33AA-F411-466B-AFA9-CA88CE431893}.Release|Any CPU.Build.0 = Release|Any CPU
		{30E13290-73BA-4E63-9750-3C2A4AA1BED6}.Debug|Any CPU.ActiveCfg = Debug|Any CPU
		{30E13290-73BA-4E63-9750-3C2A4AA1BED6}.Debug|Any CPU.Build.0 = Debug|Any CPU
		{30E13290-73BA-4E63-9750-3C2A4AA1BED6}.Release|Any CPU.ActiveCfg = Release|Any CPU
		{30E13290-73BA-4E63-9750-3C2A4AA1BED6}.Release|Any CPU.Build.0 = Release|Any CPU
		{D7B06D89-7871-4FB3-9387-9225B2800271}.Debug|Any CPU.ActiveCfg = Debug|Any CPU
		{D7B06D89-7871-4FB3-9387-9225B2800271}.Debug|Any CPU.Build.0 = Debug|Any CPU
		{D7B06D89-7871-4FB3-9387-9225B2800271}.Release|Any CPU.ActiveCfg = Release|Any CPU
		{D7B06D89-7871-4FB3-9387-9225B2800271}.Release|Any CPU.Build.0 = Release|Any CPU
		{896AD5D7-0012-4D81-BAA1-A9BD442B6CAE}.Debug|Any CPU.ActiveCfg = Debug|Any CPU
		{896AD5D7-0012-4D81-BAA1-A9BD442B6CAE}.Debug|Any CPU.Build.0 = Debug|Any CPU
		{896AD5D7-0012-4D81-BAA1-A9BD442B6CAE}.Release|Any CPU.ActiveCfg = Release|Any CPU
		{896AD5D7-0012-4D81-BAA1-A9BD442B6CAE}.Release|Any CPU.Build.0 = Release|Any CPU
	EndGlobalSection
EndGlobal
